{
  "requires": true,
  "lockfileVersion": 1,
  "dependencies": {
    "js-datepicker": {
      "version": "4.0.6",
      "resolved": "https://registry.npmjs.org/js-datepicker/-/js-datepicker-4.0.6.tgz",
      "integrity": "sha512-mMunxl7XpP2OfTqrb4XMiJPkfdDyKtTssxJM7WcV+bCM9aXgs8HDN1CYktzK/192I+DWNa8/4HtP4ED6lKuTfg=="
    }
  }
}
